
Microsoft Visual Studio Solution File, Format Version 12.00
# Visual Studio 15
VisualStudioVersion = 15.0.28307.421
MinimumVisualStudioVersion = 10.0.40219.1
Project("{9A19103F-16F7-4668-BE54-9A1E7A4F7556}") = "BusinessLayer", "BusinessLayer\BusinessLayer.csproj", "{50E0945F-ADF4-4C1D-A0AB-932857C1A4D4}"
EndProject
Project("{9A19103F-16F7-4668-BE54-9A1E7A4F7556}") = "DataLayer", "DataLayer1\DataLayer.csproj", "{F88EDCF5-CEC5-421B-BE00-FD17066A7F62}"
EndProject
Project("{9A19103F-16F7-4668-BE54-9A1E7A4F7556}") = "API", "API\API.csproj", "{61DC8A8F-6092-4D58-AA29-1221F91A5307}"
EndProject
Project("{9A19103F-16F7-4668-BE54-9A1E7A4F7556}") = "TestMG.Web", "TestMG.Web\TestMG.Web.csproj", "{661F360E-5CC7-4415-853D-736B185D2F92}"
EndProject
Project("{2150E333-8FDC-42A3-9474-1A3956D46DE8}") = "Tests", "Tests", "{0B28CBFB-4BD8-4872-9ACF-6BC391F86449}"
EndProject
Project("{9A19103F-16F7-4668-BE54-9A1E7A4F7556}") = "DataLayerTest", "DataLayerTest\DataLayerTest.csproj", "{89BB67DD-01DA-4859-801A-65DC71C445B1}"
EndProject
Project("{FAE04EC0-301F-11D3-BF4B-00C04F79EFBC}") = "BusinessLayerTest", "BusinessLayerTest\BusinessLayerTest.csproj", "{1A64C923-F364-473D-9FDC-0F14304F53E6}"
EndProject
Project("{2150E333-8FDC-42A3-9474-1A3956D46DE8}") = "TestMG", "TestMG", "{7323A3B7-E864-453A-969B-B6E742E79550}"
EndProject
Global
	GlobalSection(SolutionConfigurationPlatforms) = preSolution
		Debug|Any CPU = Debug|Any CPU
		Release|Any CPU = Release|Any CPU
	EndGlobalSection
	GlobalSection(ProjectConfigurationPlatforms) = postSolution
		{50E0945F-ADF4-4C1D-A0AB-932857C1A4D4}.Debug|Any CPU.ActiveCfg = Debug|Any CPU
		{50E0945F-ADF4-4C1D-A0AB-932857C1A4D4}.Debug|Any CPU.Build.0 = Debug|Any CPU
		{50E0945F-ADF4-4C1D-A0AB-932857C1A4D4}.Release|Any CPU.ActiveCfg = Release|Any CPU
		{50E0945F-ADF4-4C1D-A0AB-932857C1A4D4}.Release|Any CPU.Build.0 = Release|Any CPU
		{F88EDCF5-CEC5-421B-BE00-FD17066A7F62}.Debug|Any CPU.ActiveCfg = Debug|Any CPU
		{F88EDCF5-CEC5-421B-BE00-FD17066A7F62}.Debug|Any CPU.Build.0 = Debug|Any CPU
		{F88EDCF5-CEC5-421B-BE00-FD17066A7F62}.Release|Any CPU.ActiveCfg = Release|Any CPU
		{F88EDCF5-CEC5-421B-BE00-FD17066A7F62}.Release|Any CPU.Build.0 = Release|Any CPU
		{61DC8A8F-6092-4D58-AA29-1221F91A5307}.Debug|Any CPU.ActiveCfg = Debug|Any CPU
		{61DC8A8F-6092-4D58-AA29-1221F91A5307}.Debug|Any CPU.Build.0 = Debug|Any CPU
		{61DC8A8F-6092-4D58-AA29-1221F91A5307}.Release|Any CPU.ActiveCfg = Release|Any CPU
		{61DC8A8F-6092-4D58-AA29-1221F91A5307}.Release|Any CPU.Build.0 = Release|Any CPU
		{661F360E-5CC7-4415-853D-736B185D2F92}.Debug|Any CPU.ActiveCfg = Debug|Any CPU
		{661F360E-5CC7-4415-853D-736B185D2F92}.Debug|Any CPU.Build.0 = Debug|Any CPU
		{661F360E-5CC7-4415-853D-736B185D2F92}.Release|Any CPU.ActiveCfg = Release|Any CPU
		{661F360E-5CC7-4415-853D-736B185D2F92}.Release|Any CPU.Build.0 = Release|Any CPU
		{89BB67DD-01DA-4859-801A-65DC71C445B1}.Debug|Any CPU.ActiveCfg = Debug|Any CPU
		{89BB67DD-01DA-4859-801A-65DC71C445B1}.Debug|Any CPU.Build.0 = Debug|Any CPU
		{89BB67DD-01DA-4859-801A-65DC71C445B1}.Release|Any CPU.ActiveCfg = Release|Any CPU
		{89BB67DD-01DA-4859-801A-65DC71C445B1}.Release|Any CPU.Build.0 = Release|Any CPU
		{1A64C923-F364-473D-9FDC-0F14304F53E6}.Debug|Any CPU.ActiveCfg = Debug|Any CPU
		{1A64C923-F364-473D-9FDC-0F14304F53E6}.Debug|Any CPU.Build.0 = Debug|Any CPU
		{1A64C923-F364-473D-9FDC-0F14304F53E6}.Release|Any CPU.ActiveCfg = Release|Any CPU
		{1A64C923-F364-473D-9FDC-0F14304F53E6}.Release|Any CPU.Build.0 = Release|Any CPU
	EndGlobalSection
	GlobalSection(SolutionProperties) = preSolution
		HideSolutionNode = FALSE
	EndGlobalSection
	GlobalSection(NestedProjects) = preSolution
		{50E0945F-ADF4-4C1D-A0AB-932857C1A4D4} = {7323A3B7-E864-453A-969B-B6E742E79550}
		{F88EDCF5-CEC5-421B-BE00-FD17066A7F62} = {7323A3B7-E864-453A-969B-B6E742E79550}
		{61DC8A8F-6092-4D58-AA29-1221F91A5307} = {7323A3B7-E864-453A-969B-B6E742E79550}
		{661F360E-5CC7-4415-853D-736B185D2F92} = {7323A3B7-E864-453A-969B-B6E742E79550}
		{0B28CBFB-4BD8-4872-9ACF-6BC391F86449} = {7323A3B7-E864-453A-969B-B6E742E79550}
		{89BB67DD-01DA-4859-801A-65DC71C445B1} = {0B28CBFB-4BD8-4872-9ACF-6BC391F86449}
		{1A64C923-F364-473D-9FDC-0F14304F53E6} = {0B28CBFB-4BD8-4872-9ACF-6BC391F86449}
	EndGlobalSection
	GlobalSection(ExtensibilityGlobals) = postSolution
		SolutionGuid = {1C404E63-33F5-4B78-9B6E-C577BA670136}
	EndGlobalSection
EndGlobal
